
Microsoft Visual Studio Solution File, Format Version 12.00
# Visual Studio Version 17
VisualStudioVersion = 17.13.35818.85 d17.13
MinimumVisualStudioVersion = 10.0.40219.1
Project("{FAE04EC0-301F-11D3-BF4B-00C04F79EFBC}") = "CVSWithLibary", "CVSWithLibary\CVSWithLibary.csproj", "{AC00EC10-8E8D-41FB-AC8B-FC58B57DB707}"
EndProject
Global
	GlobalSection(SolutionConfigurationPlatforms) = preSolution
		Debug|Any CPU = Debug|Any CPU
		Release|Any CPU = Release|Any CPU
	EndGlobalSection
	GlobalSection(ProjectConfigurationPlatforms) = postSolution
		{AC00EC10-8E8D-41FB-AC8B-FC58B57DB707}.Debug|Any CPU.ActiveCfg = Debug|Any CPU
		{AC00EC10-8E8D-41FB-AC8B-FC58B57DB707}.Debug|Any CPU.Build.0 = Debug|Any CPU
		{AC00EC10-8E8D-41FB-AC8B-FC58B57DB707}.Release|Any CPU.ActiveCfg = Release|Any CPU
		{AC00EC10-8E8D-41FB-AC8B-FC58B57DB707}.Release|Any CPU.Build.0 = Release|Any CPU
	EndGlobalSection
	GlobalSection(SolutionProperties) = preSolution
		HideSolutionNode = FALSE
	EndGlobalSection
	GlobalSection(ExtensibilityGlobals) = postSolution
		SolutionGuid = {B91E6C1B-D871-41F9-B976-216ED7AFD29A}
	EndGlobalSection
EndGlobal
